
Microsoft Visual Studio Solution File, Format Version 12.00
# Visual Studio Version 17
VisualStudioVersion = 17.8.34309.116
MinimumVisualStudioVersion = 10.0.40219.1
Project("{FAE04EC0-301F-11D3-BF4B-00C04F79EFBC}") = "ModifiedUTF8Encoding", "ModifiedUTF8Encoding\ModifiedUTF8Encoding.csproj", "{66E82D2E-9453-4481-A733-55C4F26EBB5C}"
EndProject
Project("{FAE04EC0-301F-11D3-BF4B-00C04F79EFBC}") = "Test", "Test\Test.csproj", "{733C2125-50FD-4BB2-9407-7D5E6F7E1E0E}"
EndProject
Global
	GlobalSection(SolutionConfigurationPlatforms) = preSolution
		Debug|Any CPU = Debug|Any CPU
		Release|Any CPU = Release|Any CPU
	EndGlobalSection
	GlobalSection(ProjectConfigurationPlatforms) = postSolution
		{66E82D2E-9453-4481-A733-55C4F26EBB5C}.Debug|Any CPU.ActiveCfg = Debug|Any CPU
		{66E82D2E-9453-4481-A733-55C4F26EBB5C}.Debug|Any CPU.Build.0 = Debug|Any CPU
		{66E82D2E-9453-4481-A733-55C4F26EBB5C}.Release|Any CPU.ActiveCfg = Release|Any CPU
		{66E82D2E-9453-4481-A733-55C4F26EBB5C}.Release|Any CPU.Build.0 = Release|Any CPU
		{733C2125-50FD-4BB2-9407-7D5E6F7E1E0E}.Debug|Any CPU.ActiveCfg = Debug|Any CPU
		{733C2125-50FD-4BB2-9407-7D5E6F7E1E0E}.Debug|Any CPU.Build.0 = Debug|Any CPU
		{733C2125-50FD-4BB2-9407-7D5E6F7E1E0E}.Release|Any CPU.ActiveCfg = Release|Any CPU
		{733C2125-50FD-4BB2-9407-7D5E6F7E1E0E}.Release|Any CPU.Build.0 = Release|Any CPU
	EndGlobalSection
	GlobalSection(SolutionProperties) = preSolution
		HideSolutionNode = FALSE
	EndGlobalSection
	GlobalSection(ExtensibilityGlobals) = postSolution
		SolutionGuid = {C6E933A1-D981-4812-80D6-EC17612AA247}
	EndGlobalSection
EndGlobal
